
Microsoft Visual Studio Solution File, Format Version 12.00
# Visual Studio Version 17
VisualStudioVersion = 17.13.35825.156
MinimumVisualStudioVersion = 10.0.40219.1
Project("{FAE04EC0-301F-11D3-BF4B-00C04F79EFBC}") = "ShopMGR.WebApi", "ShopMGR.WebApi.csproj", "{98E26F3A-6B00-4F22-AFF8-77DD983AC631}"
EndProject
Project("{FAE04EC0-301F-11D3-BF4B-00C04F79EFBC}") = "ShopMGR.Aplicacion", "..\ClassLibrary2\ShopMGR.Aplicacion.csproj", "{E7ED6596-3942-47FA-B213-56EE441F5FC0}"
EndProject
Project("{FAE04EC0-301F-11D3-BF4B-00C04F79EFBC}") = "ShopMGR.Dominio", "..\ShopMGR.Dominio\ShopMGR.Dominio.csproj", "{9FAEDFA7-7A50-4AE0-AB6A-DD764B0C257A}"
EndProject
Project("{2150E333-8FDC-42A3-9474-1A3956D46DE8}") = "Persistencia", "Persistencia", "{02EA681E-C7D8-13C7-8484-4AC65E1B71E8}"
EndProject
Project("{FAE04EC0-301F-11D3-BF4B-00C04F79EFBC}") = "ShopMGR.Contexto", "..\ShopMGR.Contexto\ShopMGR.Contexto.csproj", "{54F7B0B6-22D2-48BD-B460-43EF90948B22}"
EndProject
Project("{FAE04EC0-301F-11D3-BF4B-00C04F79EFBC}") = "ShopMGR.Repositorios", "..\ShorMGR.Repositorios\ShopMGR.Repositorios.csproj", "{39DA3F0D-DCC3-4C0D-881B-981E18DBD696}"
EndProject
Project("{2150E333-8FDC-42A3-9474-1A3956D46DE8}") = "Api", "Api", "{BFBF37BC-00D9-4004-B111-C8992B68FDA7}"
EndProject
Global
	GlobalSection(SolutionConfigurationPlatforms) = preSolution
		Debug|Any CPU = Debug|Any CPU
		Release|Any CPU = Release|Any CPU
	EndGlobalSection
	GlobalSection(ProjectConfigurationPlatforms) = postSolution
		{98E26F3A-6B00-4F22-AFF8-77DD983AC631}.Debug|Any CPU.ActiveCfg = Debug|Any CPU
		{98E26F3A-6B00-4F22-AFF8-77DD983AC631}.Debug|Any CPU.Build.0 = Debug|Any CPU
		{98E26F3A-6B00-4F22-AFF8-77DD983AC631}.Release|Any CPU.ActiveCfg = Release|Any CPU
		{98E26F3A-6B00-4F22-AFF8-77DD983AC631}.Release|Any CPU.Build.0 = Release|Any CPU
		{E7ED6596-3942-47FA-B213-56EE441F5FC0}.Debug|Any CPU.ActiveCfg = Debug|Any CPU
		{E7ED6596-3942-47FA-B213-56EE441F5FC0}.Debug|Any CPU.Build.0 = Debug|Any CPU
		{E7ED6596-3942-47FA-B213-56EE441F5FC0}.Release|Any CPU.ActiveCfg = Release|Any CPU
		{E7ED6596-3942-47FA-B213-56EE441F5FC0}.Release|Any CPU.Build.0 = Release|Any CPU
		{9FAEDFA7-7A50-4AE0-AB6A-DD764B0C257A}.Debug|Any CPU.ActiveCfg = Debug|Any CPU
		{9FAEDFA7-7A50-4AE0-AB6A-DD764B0C257A}.Debug|Any CPU.Build.0 = Debug|Any CPU
		{9FAEDFA7-7A50-4AE0-AB6A-DD764B0C257A}.Release|Any CPU.ActiveCfg = Release|Any CPU
		{9FAEDFA7-7A50-4AE0-AB6A-DD764B0C257A}.Release|Any CPU.Build.0 = Release|Any CPU
		{54F7B0B6-22D2-48BD-B460-43EF90948B22}.Debug|Any CPU.ActiveCfg = Debug|Any CPU
		{54F7B0B6-22D2-48BD-B460-43EF90948B22}.Debug|Any CPU.Build.0 = Debug|Any CPU
		{54F7B0B6-22D2-48BD-B460-43EF90948B22}.Release|Any CPU.ActiveCfg = Release|Any CPU
		{54F7B0B6-22D2-48BD-B460-43EF90948B22}.Release|Any CPU.Build.0 = Release|Any CPU
		{39DA3F0D-DCC3-4C0D-881B-981E18DBD696}.Debug|Any CPU.ActiveCfg = Debug|Any CPU
		{39DA3F0D-DCC3-4C0D-881B-981E18DBD696}.Debug|Any CPU.Build.0 = Debug|Any CPU
		{39DA3F0D-DCC3-4C0D-881B-981E18DBD696}.Release|Any CPU.ActiveCfg = Release|Any CPU
		{39DA3F0D-DCC3-4C0D-881B-981E18DBD696}.Release|Any CPU.Build.0 = Release|Any CPU
	EndGlobalSection
	GlobalSection(SolutionProperties) = preSolution
		HideSolutionNode = FALSE
	EndGlobalSection
	GlobalSection(NestedProjects) = preSolution
		{98E26F3A-6B00-4F22-AFF8-77DD983AC631} = {BFBF37BC-00D9-4004-B111-C8992B68FDA7}
		{54F7B0B6-22D2-48BD-B460-43EF90948B22} = {02EA681E-C7D8-13C7-8484-4AC65E1B71E8}
		{39DA3F0D-DCC3-4C0D-881B-981E18DBD696} = {02EA681E-C7D8-13C7-8484-4AC65E1B71E8}
	EndGlobalSection
	GlobalSection(ExtensibilityGlobals) = postSolution
		SolutionGuid = {16716EA5-EBE6-4220-B538-9AB0C3E57578}
	EndGlobalSection
EndGlobal
