
Microsoft Visual Studio Solution File, Format Version 12.00
# Visual Studio Version 17
VisualStudioVersion = 17.13.35825.156
MinimumVisualStudioVersion = 10.0.40219.1
Project("{FAE04EC0-301F-11D3-BF4B-00C04F79EFBC}") = "ShopMGR.WebApi", "ShopMGR.WebApi.csproj", "{98E26F3A-6B00-4F22-AFF8-77DD983AC631}"
EndProject
Project("{2150E333-8FDC-42A3-9474-1A3956D46DE8}") = "Persistencia", "Persistencia", "{02EA681E-C7D8-13C7-8484-4AC65E1B71E8}"
EndProject
Project("{2150E333-8FDC-42A3-9474-1A3956D46DE8}") = "Api", "Api", "{BFBF37BC-00D9-4004-B111-C8992B68FDA7}"
EndProject
Project("{FAE04EC0-301F-11D3-BF4B-00C04F79EFBC}") = "ShopMGR.Aplicacion", "ShopMGR.Aplicacion\ShopMGR.Aplicacion.csproj", "{96585FD9-5414-D553-FC17-27AAE5C7BC02}"
EndProject
Project("{FAE04EC0-301F-11D3-BF4B-00C04F79EFBC}") = "ShopMGR.Contexto", "ShopMGR.Contexto\ShopMGR.Contexto.csproj", "{EDA3B695-F074-CC2A-BCB0-F46DF37BAA1B}"
EndProject
Project("{FAE04EC0-301F-11D3-BF4B-00C04F79EFBC}") = "ShopMGR.Repositorios", "ShopMGR.Repositorios\ShopMGR.Repositorios.csproj", "{D5BF30E2-7C4C-1BB5-F0E0-6EE7CF4DC9E0}"
EndProject
Project("{FAE04EC0-301F-11D3-BF4B-00C04F79EFBC}") = "ShopMGR.Dominio", "ShopMGR.Dominio\ShopMGR.Dominio.csproj", "{7074CC47-F624-BFAB-0FE5-BF21DB1FC2E7}"
EndProject
Project("{2150E333-8FDC-42A3-9474-1A3956D46DE8}") = "Infraestructura", "Infraestructura", "{E3464B65-C3E6-48C7-93BE-D9DBE8F00B42}"
EndProject
Project("{FAE04EC0-301F-11D3-BF4B-00C04F79EFBC}") = "ShopMGR.Infraestructura.Drive", "ShopMGR.Infraestructura.Drive\ShopMGR.Infraestructura.Drive.csproj", "{922A7153-93E9-4C03-AAAE-E902CF12A91A}"
EndProject
Project("{FAE04EC0-301F-11D3-BF4B-00C04F79EFBC}") = "DBSeeder", "DBSeeder\DBSeeder.csproj", "{1BC14618-3701-CD78-EBAC-5FBA1D4C9AE4}"
EndProject
Project("{FAE04EC0-301F-11D3-BF4B-00C04F79EFBC}") = "Middleware", "Middleware\Middleware.csproj", "{1540CAA8-9EDD-4C9C-8424-9854F637F7B0}"
EndProject
Project("{FAE04EC0-301F-11D3-BF4B-00C04F79EFBC}") = "Extensiones", "Infraestructura\Extensiones\Extensiones.csproj", "{610D7925-3ADA-457B-BB89-62D112494006}"
EndProject
Global
	GlobalSection(SolutionConfigurationPlatforms) = preSolution
		Debug|Any CPU = Debug|Any CPU
		Release|Any CPU = Release|Any CPU
	EndGlobalSection
	GlobalSection(ProjectConfigurationPlatforms) = postSolution
		{98E26F3A-6B00-4F22-AFF8-77DD983AC631}.Debug|Any CPU.ActiveCfg = Debug|Any CPU
		{98E26F3A-6B00-4F22-AFF8-77DD983AC631}.Debug|Any CPU.Build.0 = Debug|Any CPU
		{98E26F3A-6B00-4F22-AFF8-77DD983AC631}.Release|Any CPU.ActiveCfg = Release|Any CPU
		{98E26F3A-6B00-4F22-AFF8-77DD983AC631}.Release|Any CPU.Build.0 = Release|Any CPU
		{96585FD9-5414-D553-FC17-27AAE5C7BC02}.Debug|Any CPU.ActiveCfg = Debug|Any CPU
		{96585FD9-5414-D553-FC17-27AAE5C7BC02}.Debug|Any CPU.Build.0 = Debug|Any CPU
		{96585FD9-5414-D553-FC17-27AAE5C7BC02}.Release|Any CPU.ActiveCfg = Release|Any CPU
		{96585FD9-5414-D553-FC17-27AAE5C7BC02}.Release|Any CPU.Build.0 = Release|Any CPU
		{EDA3B695-F074-CC2A-BCB0-F46DF37BAA1B}.Debug|Any CPU.ActiveCfg = Debug|Any CPU
		{EDA3B695-F074-CC2A-BCB0-F46DF37BAA1B}.Debug|Any CPU.Build.0 = Debug|Any CPU
		{EDA3B695-F074-CC2A-BCB0-F46DF37BAA1B}.Release|Any CPU.ActiveCfg = Release|Any CPU
		{EDA3B695-F074-CC2A-BCB0-F46DF37BAA1B}.Release|Any CPU.Build.0 = Release|Any CPU
		{D5BF30E2-7C4C-1BB5-F0E0-6EE7CF4DC9E0}.Debug|Any CPU.ActiveCfg = Debug|Any CPU
		{D5BF30E2-7C4C-1BB5-F0E0-6EE7CF4DC9E0}.Debug|Any CPU.Build.0 = Debug|Any CPU
		{D5BF30E2-7C4C-1BB5-F0E0-6EE7CF4DC9E0}.Release|Any CPU.ActiveCfg = Release|Any CPU
		{D5BF30E2-7C4C-1BB5-F0E0-6EE7CF4DC9E0}.Release|Any CPU.Build.0 = Release|Any CPU
		{7074CC47-F624-BFAB-0FE5-BF21DB1FC2E7}.Debug|Any CPU.ActiveCfg = Debug|Any CPU
		{7074CC47-F624-BFAB-0FE5-BF21DB1FC2E7}.Debug|Any CPU.Build.0 = Debug|Any CPU
		{7074CC47-F624-BFAB-0FE5-BF21DB1FC2E7}.Release|Any CPU.ActiveCfg = Release|Any CPU
		{7074CC47-F624-BFAB-0FE5-BF21DB1FC2E7}.Release|Any CPU.Build.0 = Release|Any CPU
		{922A7153-93E9-4C03-AAAE-E902CF12A91A}.Debug|Any CPU.ActiveCfg = Debug|Any CPU
		{922A7153-93E9-4C03-AAAE-E902CF12A91A}.Debug|Any CPU.Build.0 = Debug|Any CPU
		{922A7153-93E9-4C03-AAAE-E902CF12A91A}.Release|Any CPU.ActiveCfg = Release|Any CPU
		{922A7153-93E9-4C03-AAAE-E902CF12A91A}.Release|Any CPU.Build.0 = Release|Any CPU
		{1BC14618-3701-CD78-EBAC-5FBA1D4C9AE4}.Debug|Any CPU.ActiveCfg = Debug|Any CPU
		{1BC14618-3701-CD78-EBAC-5FBA1D4C9AE4}.Debug|Any CPU.Build.0 = Debug|Any CPU
		{1BC14618-3701-CD78-EBAC-5FBA1D4C9AE4}.Release|Any CPU.ActiveCfg = Release|Any CPU
		{1BC14618-3701-CD78-EBAC-5FBA1D4C9AE4}.Release|Any CPU.Build.0 = Release|Any CPU
		{1540CAA8-9EDD-4C9C-8424-9854F637F7B0}.Debug|Any CPU.ActiveCfg = Debug|Any CPU
		{1540CAA8-9EDD-4C9C-8424-9854F637F7B0}.Debug|Any CPU.Build.0 = Debug|Any CPU
		{1540CAA8-9EDD-4C9C-8424-9854F637F7B0}.Release|Any CPU.ActiveCfg = Release|Any CPU
		{1540CAA8-9EDD-4C9C-8424-9854F637F7B0}.Release|Any CPU.Build.0 = Release|Any CPU
		{610D7925-3ADA-457B-BB89-62D112494006}.Debug|Any CPU.ActiveCfg = Debug|Any CPU
		{610D7925-3ADA-457B-BB89-62D112494006}.Debug|Any CPU.Build.0 = Debug|Any CPU
		{610D7925-3ADA-457B-BB89-62D112494006}.Release|Any CPU.ActiveCfg = Release|Any CPU
		{610D7925-3ADA-457B-BB89-62D112494006}.Release|Any CPU.Build.0 = Release|Any CPU
	EndGlobalSection
	GlobalSection(SolutionProperties) = preSolution
		HideSolutionNode = FALSE
	EndGlobalSection
	GlobalSection(NestedProjects) = preSolution
		{98E26F3A-6B00-4F22-AFF8-77DD983AC631} = {BFBF37BC-00D9-4004-B111-C8992B68FDA7}
		{02EA681E-C7D8-13C7-8484-4AC65E1B71E8} = {E3464B65-C3E6-48C7-93BE-D9DBE8F00B42}
		{EDA3B695-F074-CC2A-BCB0-F46DF37BAA1B} = {02EA681E-C7D8-13C7-8484-4AC65E1B71E8}
		{D5BF30E2-7C4C-1BB5-F0E0-6EE7CF4DC9E0} = {02EA681E-C7D8-13C7-8484-4AC65E1B71E8}
		{922A7153-93E9-4C03-AAAE-E902CF12A91A} = {E3464B65-C3E6-48C7-93BE-D9DBE8F00B42}
		{1BC14618-3701-CD78-EBAC-5FBA1D4C9AE4} = {E3464B65-C3E6-48C7-93BE-D9DBE8F00B42}
		{1540CAA8-9EDD-4C9C-8424-9854F637F7B0} = {E3464B65-C3E6-48C7-93BE-D9DBE8F00B42}
		{610D7925-3ADA-457B-BB89-62D112494006} = {E3464B65-C3E6-48C7-93BE-D9DBE8F00B42}
	EndGlobalSection
	GlobalSection(ExtensibilityGlobals) = postSolution
		SolutionGuid = {16716EA5-EBE6-4220-B538-9AB0C3E57578}
	EndGlobalSection
EndGlobal
